{
  "version": 4,
  "terraform_version": "0.12.26",
  "serial": 12,
  "lineage": "32928e44-069f-cf3b-ddaa-28b13b5ca44e",
  "outputs": {
    "app_external_ip": {
      "value": "34.78.168.60",
      "type": "string"
    }
  },
  "resources": [
    {
      "mode": "managed",
      "type": "google_compute_firewall",
      "name": "firewall_puma",
      "provider": "provider.google",
      "instances": [
        {
          "schema_version": 1,
          "attributes": {
            "allow": [
              {
                "ports": [
                  "9292"
                ],
                "protocol": "tcp"
              }
            ],
            "creation_timestamp": "2020-09-10T07:12:12.265-07:00",
            "deny": [],
            "description": "",
            "destination_ranges": [],
            "direction": "INGRESS",
            "disabled": false,
            "enable_logging": null,
            "id": "projects/infra-271212/global/firewalls/allow-puma-default",
            "log_config": [],
            "name": "allow-puma-default",
            "network": "https://www.googleapis.com/compute/v1/projects/infra-271212/global/networks/default",
            "priority": 1000,
            "project": "infra-271212",
            "self_link": "https://www.googleapis.com/compute/v1/projects/infra-271212/global/firewalls/allow-puma-default",
            "source_ranges": [
              "0.0.0.0/0"
            ],
            "source_service_accounts": [],
            "source_tags": [],
            "target_service_accounts": [],
            "target_tags": [
              "reddit-app"
            ],
            "timeouts": null
          },
          "private": "eyJlMmJmYjczMC1lY2FhLTExZTYtOGY4OC0zNDM2M2JjN2M0YzAiOnsiY3JlYXRlIjoyNDAwMDAwMDAwMDAsImRlbGV0ZSI6MjQwMDAwMDAwMDAwLCJ1cGRhdGUiOjI0MDAwMDAwMDAwMH0sInNjaGVtYV92ZXJzaW9uIjoiMSJ9"
        }
      ]
    },
    {
      "mode": "managed",
      "type": "google_compute_instance",
      "name": "app",
      "provider": "provider.google",
      "instances": [
        {
          "status": "tainted",
          "schema_version": 6,
          "attributes": {
            "allow_stopping_for_update": null,
            "attached_disk": [],
            "boot_disk": [
              {
                "auto_delete": true,
                "device_name": "persistent-disk-0",
                "disk_encryption_key_raw": "",
                "disk_encryption_key_sha256": "",
                "initialize_params": [
                  {
                    "image": "https://www.googleapis.com/compute/v1/projects/infra-271212/global/images/reddit-base",
                    "labels": {},
                    "size": 20,
                    "type": "pd-standard"
                  }
                ],
                "kms_key_self_link": "",
                "mode": "READ_WRITE",
                "source": "https://www.googleapis.com/compute/v1/projects/infra-271212/zones/europe-west1-d/disks/reddit-app"
              }
            ],
            "can_ip_forward": false,
            "cpu_platform": "Intel Haswell",
            "current_status": "RUNNING",
            "deletion_protection": false,
            "description": "",
            "desired_status": null,
            "enable_display": false,
            "guest_accelerator": [],
            "hostname": "",
            "id": "projects/infra-271212/zones/europe-west1-d/instances/reddit-app",
            "instance_id": "6409699750374246475",
            "label_fingerprint": "42WmSpB8rSM=",
            "labels": null,
            "machine_type": "g1-small",
            "metadata": {
              "ssh-keys": "appuser:ssh-rsa AAAAB3NzaC1yc2EAAAADAQABAAABAQDP5hAD1PGSgh2Lv33ISp/R7xYvGX3f2c+L0ouT2rYpbsosF7Io+d4/Ptds3lCz3yRnQnVQ6Kk+LlMrF8tOWrkJ3/eJx5HG7qpIN/oiwqyrPIXUrt+fqaqdPD6bARTGONtDQBQrqPoz1T29vaOfOaBa5MnAc4GnoNPgdEw+2YpVRHRO7ir7BNzT0r1MypmCUObgnkTIFwa2gsDrfnyFBBd6BcS/c3uiWph5wjVKgIbPaH1dDvF9rWdSSNzrAgw+Ksl49DbaY6CcNbuD8KCNCS5RRrSEl/tCDL6nNQLMK+iZHusJEAWQL2YDMxVY2SXMNgJnRsHO0tY2IhEZhVq06rAd ivan\n"
            },
            "metadata_fingerprint": "p6sE5VBaUv4=",
            "metadata_startup_script": "",
            "min_cpu_platform": "",
            "name": "reddit-app",
            "network_interface": [
              {
                "access_config": [
                  {
                    "nat_ip": "34.78.168.60",
                    "network_tier": "PREMIUM",
                    "public_ptr_domain_name": ""
                  }
                ],
                "alias_ip_range": [],
                "name": "nic0",
                "network": "https://www.googleapis.com/compute/v1/projects/infra-271212/global/networks/default",
                "network_ip": "10.132.15.196",
                "subnetwork": "https://www.googleapis.com/compute/v1/projects/infra-271212/regions/europe-west1/subnetworks/default",
                "subnetwork_project": "infra-271212"
              }
            ],
            "project": "infra-271212",
            "resource_policies": null,
            "scheduling": [
              {
                "automatic_restart": true,
                "node_affinities": [],
                "on_host_maintenance": "MIGRATE",
                "preemptible": false
              }
            ],
            "scratch_disk": [],
            "self_link": "https://www.googleapis.com/compute/v1/projects/infra-271212/zones/europe-west1-d/instances/reddit-app",
            "service_account": [],
            "shielded_instance_config": [
              {
                "enable_integrity_monitoring": true,
                "enable_secure_boot": false,
                "enable_vtpm": true
              }
            ],
            "tags": [
              "reddit-app"
            ],
            "tags_fingerprint": "M-ggixIz-AU=",
            "timeouts": null,
            "zone": "europe-west1-d"
          },
          "private": "eyJlMmJmYjczMC1lY2FhLTExZTYtOGY4OC0zNDM2M2JjN2M0YzAiOnsiY3JlYXRlIjoxMjAwMDAwMDAwMDAwLCJkZWxldGUiOjEyMDAwMDAwMDAwMDAsInVwZGF0ZSI6MTIwMDAwMDAwMDAwMH0sInNjaGVtYV92ZXJzaW9uIjoiNiJ9"
        }
      ]
    },
    {
      "mode": "managed",
      "type": "google_compute_project_metadata",
      "name": "ssh-keys",
      "provider": "provider.google",
      "instances": [
        {
          "schema_version": 0,
          "attributes": {
            "id": "infra-271212",
            "metadata": {
              "ssh-keys": "appuser:ssh-rsa AAAAB3NzaC1yc2EAAAADAQABAAABAQDP5hAD1PGSgh2Lv33ISp/R7xYvGX3f2c+L0ouT2rYpbsosF7Io+d4/Ptds3lCz3yRnQnVQ6Kk+LlMrF8tOWrkJ3/eJx5HG7qpIN/oiwqyrPIXUrt+fqaqdPD6bARTGONtDQBQrqPoz1T29vaOfOaBa5MnAc4GnoNPgdEw+2YpVRHRO7ir7BNzT0r1MypmCUObgnkTIFwa2gsDrfnyFBBd6BcS/c3uiWph5wjVKgIbPaH1dDvF9rWdSSNzrAgw+Ksl49DbaY6CcNbuD8KCNCS5RRrSEl/tCDL6nNQLMK+iZHusJEAWQL2YDMxVY2SXMNgJnRsHO0tY2IhEZhVq06rAd ivan\nappuser1:ssh-rsa AAAAB3NzaC1yc2EAAAADAQABAAABAQDP5hAD1PGSgh2Lv33ISp/R7xYvGX3f2c+L0ouT2rYpbsosF7Io+d4/Ptds3lCz3yRnQnVQ6Kk+LlMrF8tOWrkJ3/eJx5HG7qpIN/oiwqyrPIXUrt+fqaqdPD6bARTGONtDQBQrqPoz1T29vaOfOaBa5MnAc4GnoNPgdEw+2YpVRHRO7ir7BNzT0r1MypmCUObgnkTIFwa2gsDrfnyFBBd6BcS/c3uiWph5wjVKgIbPaH1dDvF9rWdSSNzrAgw+Ksl49DbaY6CcNbuD8KCNCS5RRrSEl/tCDL6nNQLMK+iZHusJEAWQL2YDMxVY2SXMNgJnRsHO0tY2IhEZhVq06rAd ivan\nappuser2:ssh-rsa AAAAB3NzaC1yc2EAAAADAQABAAABAQDP5hAD1PGSgh2Lv33ISp/R7xYvGX3f2c+L0ouT2rYpbsosF7Io+d4/Ptds3lCz3yRnQnVQ6Kk+LlMrF8tOWrkJ3/eJx5HG7qpIN/oiwqyrPIXUrt+fqaqdPD6bARTGONtDQBQrqPoz1T29vaOfOaBa5MnAc4GnoNPgdEw+2YpVRHRO7ir7BNzT0r1MypmCUObgnkTIFwa2gsDrfnyFBBd6BcS/c3uiWph5wjVKgIbPaH1dDvF9rWdSSNzrAgw+Ksl49DbaY6CcNbuD8KCNCS5RRrSEl/tCDL6nNQLMK+iZHusJEAWQL2YDMxVY2SXMNgJnRsHO0tY2IhEZhVq06rAd ivan\n"
            },
            "project": "infra-271212",
            "timeouts": null
          },
          "private": "eyJlMmJmYjczMC1lY2FhLTExZTYtOGY4OC0zNDM2M2JjN2M0YzAiOnsiY3JlYXRlIjoyNDAwMDAwMDAwMDAsImRlbGV0ZSI6MjQwMDAwMDAwMDAwfX0="
        }
      ]
    }
  ]
}
